
Microsoft Visual Studio Solution File, Format Version 12.00
# Visual Studio Version 17
VisualStudioVersion = 17.12.35514.174 d17.12
MinimumVisualStudioVersion = 10.0.40219.1
Project("{FAE04EC0-301F-11D3-BF4B-00C04F79EFBC}") = "WebApplication", "WebApplication\WebApplication.csproj", "{E3E02E1A-FA30-4A7F-A824-B88FA1E89804}"
EndProject
Project("{FAE04EC0-301F-11D3-BF4B-00C04F79EFBC}") = "ClassLibrary", "ClassLibrary\ClassLibrary.csproj", "{ABF373CF-6434-4E15-9417-66AA78EAB6E7}"
EndProject
Global
	GlobalSection(SolutionConfigurationPlatforms) = preSolution
		Debug|Any CPU = Debug|Any CPU
		Release|Any CPU = Release|Any CPU
	EndGlobalSection
	GlobalSection(ProjectConfigurationPlatforms) = postSolution
		{E3E02E1A-FA30-4A7F-A824-B88FA1E89804}.Debug|Any CPU.ActiveCfg = Debug|Any CPU
		{E3E02E1A-FA30-4A7F-A824-B88FA1E89804}.Debug|Any CPU.Build.0 = Debug|Any CPU
		{E3E02E1A-FA30-4A7F-A824-B88FA1E89804}.Release|Any CPU.ActiveCfg = Release|Any CPU
		{E3E02E1A-FA30-4A7F-A824-B88FA1E89804}.Release|Any CPU.Build.0 = Release|Any CPU
		{ABF373CF-6434-4E15-9417-66AA78EAB6E7}.Debug|Any CPU.ActiveCfg = Debug|Any CPU
		{ABF373CF-6434-4E15-9417-66AA78EAB6E7}.Debug|Any CPU.Build.0 = Debug|Any CPU
		{ABF373CF-6434-4E15-9417-66AA78EAB6E7}.Release|Any CPU.ActiveCfg = Release|Any CPU
		{ABF373CF-6434-4E15-9417-66AA78EAB6E7}.Release|Any CPU.Build.0 = Release|Any CPU
	EndGlobalSection
	GlobalSection(SolutionProperties) = preSolution
		HideSolutionNode = FALSE
	EndGlobalSection
EndGlobal
